
Microsoft Visual Studio Solution File, Format Version 12.00
# Visual Studio 15
VisualStudioVersion = 15.0.28307.106
MinimumVisualStudioVersion = 10.0.40219.1
Project("{FAE04EC0-301F-11D3-BF4B-00C04F79EFBC}") = "5_01StackO", "5_01StackO\5_01StackO.csproj", "{184FDB89-BC0D-464C-9C91-ABA924373893}"
EndProject
Project("{FAE04EC0-301F-11D3-BF4B-00C04F79EFBC}") = "Library.Data", "Library.Data\Library.Data.csproj", "{CF5E2901-B4CC-4D99-9327-1146E24F55AD}"
EndProject
Global
	GlobalSection(SolutionConfigurationPlatforms) = preSolution
		Debug|Any CPU = Debug|Any CPU
		Release|Any CPU = Release|Any CPU
	EndGlobalSection
	GlobalSection(ProjectConfigurationPlatforms) = postSolution
		{184FDB89-BC0D-464C-9C91-ABA924373893}.Debug|Any CPU.ActiveCfg = Debug|Any CPU
		{184FDB89-BC0D-464C-9C91-ABA924373893}.Debug|Any CPU.Build.0 = Debug|Any CPU
		{184FDB89-BC0D-464C-9C91-ABA924373893}.Release|Any CPU.ActiveCfg = Release|Any CPU
		{184FDB89-BC0D-464C-9C91-ABA924373893}.Release|Any CPU.Build.0 = Release|Any CPU
		{CF5E2901-B4CC-4D99-9327-1146E24F55AD}.Debug|Any CPU.ActiveCfg = Debug|Any CPU
		{CF5E2901-B4CC-4D99-9327-1146E24F55AD}.Debug|Any CPU.Build.0 = Debug|Any CPU
		{CF5E2901-B4CC-4D99-9327-1146E24F55AD}.Release|Any CPU.ActiveCfg = Release|Any CPU
		{CF5E2901-B4CC-4D99-9327-1146E24F55AD}.Release|Any CPU.Build.0 = Release|Any CPU
	EndGlobalSection
	GlobalSection(SolutionProperties) = preSolution
		HideSolutionNode = FALSE
	EndGlobalSection
	GlobalSection(ExtensibilityGlobals) = postSolution
		SolutionGuid = {33773C01-8AE9-4A0E-8616-2109887AF42D}
	EndGlobalSection
EndGlobal
